// !$*UTF8*$!
{
	archiveVersion = 1;
	classes = {
	};
	objectVersion = 46;
	objects = {

/* Begin PBXBuildFile section */
		CCC6B0391D36FDCB004CCCDC /* AppDelegate.swift in Sources */ = {isa = PBXBuildFile; fileRef = CCC6B0381D36FDCB004CCCDC /* AppDelegate.swift */; };
		CCC6B03B1D36FDCB004CCCDC /* ViewController.swift in Sources */ = {isa = PBXBuildFile; fileRef = CCC6B03A1D36FDCB004CCCDC /* ViewController.swift */; };
		CCC6B03E1D36FDCB004CCCDC /* Main.storyboard in Resources */ = {isa = PBXBuildFile; fileRef = CCC6B03C1D36FDCB004CCCDC /* Main.storyboard */; };
		CCC6B0401D36FDCB004CCCDC /* Assets.xcassets in Resources */ = {isa = PBXBuildFile; fileRef = CCC6B03F1D36FDCB004CCCDC /* Assets.xcassets */; };
		CCC6B0431D36FDCB004CCCDC /* LaunchScreen.storyboard in Resources */ = {isa = PBXBuildFile; fileRef = CCC6B0411D36FDCB004CCCDC /* LaunchScreen.storyboard */; };
/* End PBXBuildFile section */

/* Begin PBXFileReference section */
		CCC6B0351D36FDCA004CCCDC /* RatingsTutorial.app */ = {isa = PBXFileReference; explicitFileType = wrapper.application; includeInIndex = 0; path = RatingsTutorial.app; sourceTree = BUILT_PRODUCTS_DIR; };
		CCC6B0381D36FDCB004CCCDC /* AppDelegate.swift */ = {isa = PBXFileReference; lastKnownFileType = sourcecode.swift; path = AppDelegate.swift; sourceTree = "<group>"; };
		CCC6B03A1D36FDCB004CCCDC /* ViewController.swift */ = {isa = PBXFileReference; lastKnownFileType = sourcecode.swift; path = ViewController.swift; sourceTree = "<group>"; };
		CCC6B03D1D36FDCB004CCCDC /* Base */ = {isa = PBXFileReference; lastKnownFileType = file.storyboard; name = Base; path = Base.lproj/Main.storyboard; sourceTree = "<group>"; };
		CCC6B03F1D36FDCB004CCCDC /* Assets.xcassets */ = {isa = PBXFileReference; lastKnownFileType = folder.assetcatalog; path = Assets.xcassets; sourceTree = "<group>"; };
		CCC6B0421D36FDCB004CCCDC /* Base */ = {isa = PBXFileReference; lastKnownFileType = file.storyboard; name = Base; path = Base.lproj/LaunchScreen.storyboard; sourceTree = "<group>"; };
		CCC6B0441D36FDCB004CCCDC /* Info.plist */ = {isa = PBXFileReference; lastKnownFileType = text.plist.xml; path = Info.plist; sourceTree = "<group>"; };
/* End PBXFileReference section */

/* Begin PBXFrameworksBuildPhase section */
		CCC6B0321D36FDCA004CCCDC /* Frameworks */ = {
			isa = PBXFrameworksBuildPhase;
			buildActionMask = 2147483647;
			files = (
			);
			runOnlyForDeploymentPostprocessing = 0;
		};
/* End PBXFrameworksBuildPhase section */

/* Begin PBXGroup section */
		CCC6B02C1D36FDCA004CCCDC = {
			isa = PBXGroup;
			children = (
				CCC6B0371D36FDCB004CCCDC /* RatingsTutorial */,
				CCC6B0361D36FDCA004CCCDC /* Products */,
			);
			sourceTree = "<group>";
		};
		CCC6B0361D36FDCA004CCCDC /* Products */ = {
			isa = PBXGroup;
			children = (
				CCC6B0351D36FDCA004CCCDC /* RatingsTutorial.app */,
			);
			name = Products;
			sourceTree = "<group>";
		};
		CCC6B0371D36FDCB004CCCDC /* RatingsTutorial */ = {
			isa = PBXGroup;
			children = (
				CCC6B0381D36FDCB004CCCDC /* AppDelegate.swift */,
				CCC6B03A1D36FDCB004CCCDC /* ViewController.swift */,
				CCC6B03C1D36FDCB004CCCDC /* Main.storyboard */,
				CCC6B03F1D36FDCB004CCCDC /* Assets.xcassets */,
				CCC6B0411D36FDCB004CCCDC /* LaunchScreen.storyboard */,
				CCC6B0441D36FDCB004CCCDC /* Info.plist */,
			);
			path = RatingsTutorial;
			sourceTree = "<group>";
		};
/* End PBXGroup section */

/* Begin PBXNativeTarget section */
		CCC6B0341D36FDCA004CCCDC /* RatingsTutorial */ = {
			isa = PBXNativeTarget;
			buildConfigurationList = CCC6B0471D36FDCB004CCCDC /* Build configuration list for PBXNativeTarget "RatingsTutorial" */;
			buildPhases = (
				CCC6B0311D36FDCA004CCCDC /* Sources */,
				CCC6B0321D36FDCA004CCCDC /* Frameworks */,
				CCC6B0331D36FDCA004CCCDC /* Resources */,
			);
			buildRules = (
			);
			dependencies = (
			);
			name = RatingsTutorial;
			productName = RatingsTutorial;
			productReference = CCC6B0351D36FDCA004CCCDC /* RatingsTutorial.app */;
			productType = "com.apple.product-type.application";
		};
/* End PBXNativeTarget section */

/* Begin PBXProject section */
		CCC6B02D1D36FDCA004CCCDC /* Project object */ = {
			isa = PBXProject;
			attributes = {
				LastSwiftUpdateCheck = 0730;
				LastUpgradeCheck = 0730;
				ORGANIZATIONNAME = PielDeJaguar;
				TargetAttributes = {
					CCC6B0341D36FDCA004CCCDC = {
						CreatedOnToolsVersion = 7.3.1;
						DevelopmentTeam = JM33QBQ4S7;
					};
				};
			};
			buildConfigurationList = CCC6B0301D36FDCA004CCCDC /* Build configuration list for PBXProject "RatingsTutorial" */;
			compatibilityVersion = "Xcode 3.2";
			developmentRegion = English;
			hasScannedForEncodings = 0;
			knownRegions = (
				en,
				Base,
			);
			mainGroup = CCC6B02C1D36FDCA004CCCDC;
			productRefGroup = CCC6B0361D36FDCA004CCCDC /* Products */;
			projectDirPath = "";
			projectRoot = "";
			targets = (
				CCC6B0341D36FDCA004CCCDC /* RatingsTutorial */,
			);
		};
/* End PBXProject section */

/* Begin PBXResourcesBuildPhase section */
		CCC6B0331D36FDCA004CCCDC /* Resources */ = {
			isa = PBXResourcesBuildPhase;
			buildActionMask = 2147483647;
			files = (
				CCC6B0431D36FDCB004CCCDC /* LaunchScreen.storyboard in Resources */,
				CCC6B0401D36FDCB004CCCDC /* Assets.xcassets in Resources */,
				CCC6B03E1D36FDCB004CCCDC /* Main.storyboard in Resources */,
			);
			runOnlyForDeploymentPostprocessing = 0;
		};
/* End PBXResourcesBuildPhase section */

/* Begin PBXSourcesBuildPhase section */
		CCC6B0311D36FDCA004CCCDC /* Sources */ = {
			isa = PBXSourcesBuildPhase;
			buildActionMask = 2147483647;
			files = (
				CCC6B03B1D36FDCB004CCCDC /* ViewController.swift in Sources */,
				CCC6B0391D36FDCB004CCCDC /* AppDelegate.swift in Sources */,
			);
			runOnlyForDeploymentPostprocessing = 0;
		};
/* End PBXSourcesBuildPhase section */

/* Begin PBXVariantGroup section */
		CCC6B03C1D36FDCB004CCCDC /* Main.storyboard */ = {
			isa = PBXVariantGroup;
			children = (
				CCC6B03D1D36FDCB004CCCDC /* Base */,
			);
			name = Main.storyboard;
			sourceTree = "<group>";
		};
		CCC6B0411D36FDCB004CCCDC /* LaunchScreen.storyboard */ = {
			isa = PBXVariantGroup;
			children = (
				CCC6B0421D36FDCB004CCCDC /* Base */,
			);
			name = LaunchScreen.storyboard;
			sourceTree = "<group>";
		};
/* End PBXVariantGroup section */

/* Begin XCBuildConfiguration section */
		CCC6B0451D36FDCB004CCCDC /* Debug */ = {
			isa = XCBuildConfiguration;
			buildSettings = {
				ALWAYS_SEARCH_USER_PATHS = NO;
				CLANG_ANALYZER_NONNULL = YES;
				CLANG_CXX_LANGUAGE_STANDARD = "gnu++0x";
				CLANG_CXX_LIBRARY = "libc++";
				CLANG_ENABLE_MODULES = YES;
				CLANG_ENABLE_OBJC_ARC = YES;
				CLANG_WARN_BOOL_CONVERSION = YES;
				CLANG_WARN_CONSTANT_CONVERSION = YES;
				CLANG_WARN_DIRECT_OBJC_ISA_USAGE = YES_ERROR;
				CLANG_WARN_EMPTY_BODY = YES;
				CLANG_WARN_ENUM_CONVERSION = YES;
				CLANG_WARN_INT_CONVERSION = YES;
				CLANG_WARN_OBJC_ROOT_CLASS = YES_ERROR;
				CLANG_WARN_UNREACHABLE_CODE = YES;
				CLANG_WARN__DUPLICATE_METHOD_MATCH = YES;
				"CODE_SIGN_IDENTITY[sdk=iphoneos*]" = "iPhone Developer";
				COPY_PHASE_STRIP = NO;
				DEBUG_INFORMATION_FORMAT = dwarf;
				ENABLE_STRICT_OBJC_MSGSEND = YES;
				ENABLE_TESTABILITY = YES;
				GCC_C_LANGUAGE_STANDARD = gnu99;
				GCC_DYNAMIC_NO_PIC = NO;
				GCC_NO_COMMON_BLOCKS = YES;
				GCC_OPTIMIZATION_LEVEL = 0;
				GCC_PREPROCESSOR_DEFINITIONS = (
					"DEBUG=1",
					"$(inherited)",
				);
				GCC_WARN_64_TO_32_BIT_CONVERSION = YES;
				GCC_WARN_ABOUT_RETURN_TYPE = YES_ERROR;
				GCC_WARN_UNDECLARED_SELECTOR = YES;
				GCC_WARN_UNINITIALIZED_AUTOS = YES_AGGRESSIVE;
				GCC_WARN_UNUSED_FUNCTION = YES;
				GCC_WARN_UNUSED_VARIABLE = YES;
				IPHONEOS_DEPLOYMENT_TARGET = 9.3;
				MTL_ENABLE_DEBUG_INFO = YES;
				ONLY_ACTIVE_ARCH = YES;
				SDKROOT = iphoneos;
				SWIFT_OPTIMIZATION_LEVEL = "-Onone";
				TARGETED_DEVICE_FAMILY = "1,2";
			};
			name = Debug;
		};
		CCC6B0461D36FDCB004CCCDC /* Release */ = {
			isa = XCBuildConfiguration;
			buildSettings = {
				ALWAYS_SEARCH_USER_PATHS = NO;
				CLANG_ANALYZER_NONNULL = YES;
				CLANG_CXX_LANGUAGE_STANDARD = "gnu++0x";
				CLANG_CXX_LIBRARY = "libc++";
				CLANG_ENABLE_MODULES = YES;
				CLANG_ENABLE_OBJC_ARC = YES;
				CLANG_WARN_BOOL_CONVERSION = YES;
				CLANG_WARN_CONSTANT_CONVERSION = YES;
				CLANG_WARN_DIRECT_OBJC_ISA_USAGE = YES_ERROR;
				CLANG_WARN_EMPTY_BODY = YES;
				CLANG_WARN_ENUM_CONVERSION = YES;
				CLANG_WARN_INT_CONVERSION = YES;
				CLANG_WARN_OBJC_ROOT_CLASS = YES_ERROR;
				CLANG_WARN_UNREACHABLE_CODE = YES;
				CLANG_WARN__DUPLICATE_METHOD_MATCH = YES;
				"CODE_SIGN_IDENTITY[sdk=iphoneos*]" = "iPhone Developer";
				COPY_PHASE_STRIP = NO;
				DEBUG_INFORMATION_FORMAT = "dwarf-with-dsym";
				ENABLE_NS_ASSERTIONS = NO;
				ENABLE_STRICT_OBJC_MSGSEND = YES;
				GCC_C_LANGUAGE_STANDARD = gnu99;
				GCC_NO_COMMON_BLOCKS = YES;
				GCC_WARN_64_TO_32_BIT_CONVERSION = YES;
				GCC_WARN_ABOUT_RETURN_TYPE = YES_ERROR;
				GCC_WARN_UNDECLARED_SELECTOR = YES;
				GCC_WARN_UNINITIALIZED_AUTOS = YES_AGGRESSIVE;
				GCC_WARN_UNUSED_FUNCTION = YES;
				GCC_WARN_UNUSED_VARIABLE = YES;
				IPHONEOS_DEPLOYMENT_TARGET = 9.3;
				MTL_ENABLE_DEBUG_INFO = NO;
				SDKROOT = iphoneos;
				TARGETED_DEVICE_FAMILY = "1,2";
				VALIDATE_PRODUCT = YES;
			};
			name = Release;
		};
		CCC6B0481D36FDCB004CCCDC /* Debug */ = {
			isa = XCBuildConfiguration;
			buildSettings = {
				ASSETCATALOG_COMPILER_APPICON_NAME = AppIcon;
				INFOPLIST_FILE = RatingsTutorial/Info.plist;
				LD_RUNPATH_SEARCH_PATHS = "$(inherited) @executable_path/Frameworks";
				PRODUCT_BUNDLE_IDENTIFIER = com.PielDeJaguar.RatingsTutorial;
				PRODUCT_NAME = "$(TARGET_NAME)";
			};
			name = Debug;
		};
		CCC6B0491D36FDCB004CCCDC /* Release */ = {
			isa = XCBuildConfiguration;
			buildSettings = {
				ASSETCATALOG_COMPILER_APPICON_NAME = AppIcon;
				INFOPLIST_FILE = RatingsTutorial/Info.plist;
				LD_RUNPATH_SEARCH_PATHS = "$(inherited) @executable_path/Frameworks";
				PRODUCT_BUNDLE_IDENTIFIER = com.PielDeJaguar.RatingsTutorial;
				PRODUCT_NAME = "$(TARGET_NAME)";
			};
			name = Release;
		};
/* End XCBuildConfiguration section */

/* Begin XCConfigurationList section */
		CCC6B0301D36FDCA004CCCDC /* Build configuration list for PBXProject "RatingsTutorial" */ = {
			isa = XCConfigurationList;
			buildConfigurations = (
				CCC6B0451D36FDCB004CCCDC /* Debug */,
				CCC6B0461D36FDCB004CCCDC /* Release */,
			);
			defaultConfigurationIsVisible = 0;
			defaultConfigurationName = Release;
		};
		CCC6B0471D36FDCB004CCCDC /* Build configuration list for PBXNativeTarget "RatingsTutorial" */ = {
			isa = XCConfigurationList;
			buildConfigurations = (
				CCC6B0481D36FDCB004CCCDC /* Debug */,
				CCC6B0491D36FDCB004CCCDC /* Release */,
			);
			defaultConfigurationIsVisible = 0;
		};
/* End XCConfigurationList section */
	};
	rootObject = CCC6B02D1D36FDCA004CCCDC /* Project object */;
}
